
Microsoft Visual Studio Solution File, Format Version 12.00
# Visual Studio Version 17
VisualStudioVersion = 17.1.32421.90
MinimumVisualStudioVersion = 10.0.40219.1
Project("{9A19103F-16F7-4668-BE54-9A1E7A4F7556}") = "Dynamics.Http.EntityFrameworkCore", "Dynamics.Http.EntityFrameworkCore\Dynamics.Http.EntityFrameworkCore.csproj", "{1F2C4903-DDBC-4429-B5C0-96989CEF88D0}"
EndProject
Project("{FAE04EC0-301F-11D3-BF4B-00C04F79EFBC}") = "Dynamics.Http.EntityFrameworkCore.UT", "Dynamics.Http.EntityFrameworkCore.UT\Dynamics.Http.EntityFrameworkCore.UT.csproj", "{A0BE0745-001C-4573-8701-37C320823C29}"
EndProject
Global
	GlobalSection(SolutionConfigurationPlatforms) = preSolution
		Debug|Any CPU = Debug|Any CPU
		Release|Any CPU = Release|Any CPU
	EndGlobalSection
	GlobalSection(ProjectConfigurationPlatforms) = postSolution
		{1F2C4903-DDBC-4429-B5C0-96989CEF88D0}.Debug|Any CPU.ActiveCfg = Debug|Any CPU
		{1F2C4903-DDBC-4429-B5C0-96989CEF88D0}.Debug|Any CPU.Build.0 = Debug|Any CPU
		{1F2C4903-DDBC-4429-B5C0-96989CEF88D0}.Release|Any CPU.ActiveCfg = Release|Any CPU
		{1F2C4903-DDBC-4429-B5C0-96989CEF88D0}.Release|Any CPU.Build.0 = Release|Any CPU
		{A0BE0745-001C-4573-8701-37C320823C29}.Debug|Any CPU.ActiveCfg = Debug|Any CPU
		{A0BE0745-001C-4573-8701-37C320823C29}.Debug|Any CPU.Build.0 = Debug|Any CPU
		{A0BE0745-001C-4573-8701-37C320823C29}.Release|Any CPU.ActiveCfg = Release|Any CPU
		{A0BE0745-001C-4573-8701-37C320823C29}.Release|Any CPU.Build.0 = Release|Any CPU
	EndGlobalSection
	GlobalSection(SolutionProperties) = preSolution
		HideSolutionNode = FALSE
	EndGlobalSection
	GlobalSection(ExtensibilityGlobals) = postSolution
		SolutionGuid = {5C2F29BD-F547-4054-8994-C9BA154E9670}
	EndGlobalSection
EndGlobal
